
Microsoft Visual Studio Solution File, Format Version 12.00
# Visual Studio Version 17
VisualStudioVersion = 17.12.35707.178
MinimumVisualStudioVersion = 10.0.40219.1
Project("{FAE04EC0-301F-11D3-BF4B-00C04F79EFBC}") = "JIM-Project", "JIM-Project\JIM-Project.csproj", "{E76367B4-A3C3-4451-8F0E-6BFBC509F075}"
EndProject
Project("{2150E333-8FDC-42A3-9474-1A3956D46DE8}") = "Solution Items", "Solution Items", "{A80C02D9-B96E-47FC-9AEF-D6E0C1ED0DC5}"
	ProjectSection(SolutionItems) = preProject
		.editorconfig = .editorconfig
	EndProjectSection
EndProject
Global
	GlobalSection(SolutionConfigurationPlatforms) = preSolution
		Debug|Any CPU = Debug|Any CPU
		Release|Any CPU = Release|Any CPU
	EndGlobalSection
	GlobalSection(ProjectConfigurationPlatforms) = postSolution
		{E76367B4-A3C3-4451-8F0E-6BFBC509F075}.Debug|Any CPU.ActiveCfg = Debug|Any CPU
		{E76367B4-A3C3-4451-8F0E-6BFBC509F075}.Debug|Any CPU.Build.0 = Debug|Any CPU
		{E76367B4-A3C3-4451-8F0E-6BFBC509F075}.Release|Any CPU.ActiveCfg = Release|Any CPU
		{E76367B4-A3C3-4451-8F0E-6BFBC509F075}.Release|Any CPU.Build.0 = Release|Any CPU
	EndGlobalSection
	GlobalSection(SolutionProperties) = preSolution
		HideSolutionNode = FALSE
	EndGlobalSection
EndGlobal
